
Microsoft Visual Studio Solution File, Format Version 12.00
# Visual Studio 15
Project("{FAE04EC0-301F-11D3-BF4B-00C04F79EFBC}") = "Assembly-CSharp", "Assembly-CSharp.csproj", "{A81A9509-7F91-A65F-A258-D4485A811B1D}"
EndProject
Global
	GlobalSection(SolutionConfigurationPlatforms) = preSolution
		Debug|Any CPU = Debug|Any CPU
		Release|Any CPU = Release|Any CPU
	EndGlobalSection
	GlobalSection(ProjectConfigurationPlatforms) = postSolution
		{A81A9509-7F91-A65F-A258-D4485A811B1D}.Debug|Any CPU.ActiveCfg = Debug|Any CPU
		{A81A9509-7F91-A65F-A258-D4485A811B1D}.Debug|Any CPU.Build.0 = Debug|Any CPU
		{A81A9509-7F91-A65F-A258-D4485A811B1D}.Release|Any CPU.ActiveCfg = Release|Any CPU
		{A81A9509-7F91-A65F-A258-D4485A811B1D}.Release|Any CPU.Build.0 = Release|Any CPU
	EndGlobalSection
	GlobalSection(SolutionProperties) = preSolution
		HideSolutionNode = FALSE
	EndGlobalSection
EndGlobal
